
Microsoft Visual Studio Solution File, Format Version 12.00
# Visual Studio Version 17
VisualStudioVersion = 17.0.31903.59
MinimumVisualStudioVersion = 10.0.40219.1
Project("{FAE04EC0-301F-11D3-BF4B-00C04F79EFBC}") = "AccountService.Domain", "AccountService.Domain\AccountService.Domain.csproj", "{4E6DDDCC-D810-4798-B198-160F53C497AD}"
EndProject
Project("{FAE04EC0-301F-11D3-BF4B-00C04F79EFBC}") = "AccountService.UnitTests", "AccountService.UnitTests\AccountService.UnitTests.csproj", "{03E50AD1-CD2A-46B8-864B-D439C15F98D3}"
EndProject
Project("{FAE04EC0-301F-11D3-BF4B-00C04F79EFBC}") = "AccountService.Api", "AccountService.Api\AccountService.Api.csproj", "{299A5AA3-F5D8-4513-9205-F720912F6C8C}"
EndProject
Project("{FAE04EC0-301F-11D3-BF4B-00C04F79EFBC}") = "AccountService.Application", "AccountService.Application\AccountService.Application.csproj", "{309377D4-B6BA-4A28-8AD4-5348E2776023}"
EndProject
Project("{FAE04EC0-301F-11D3-BF4B-00C04F79EFBC}") = "AccountService.Infra", "AccountService.Infra\AccountService.Infra.csproj", "{06E07BAC-197E-4A57-A28A-04CFBF83D5AA}"
EndProject
Global
	GlobalSection(SolutionConfigurationPlatforms) = preSolution
		Debug|Any CPU = Debug|Any CPU
		Release|Any CPU = Release|Any CPU
	EndGlobalSection
	GlobalSection(SolutionProperties) = preSolution
		HideSolutionNode = FALSE
	EndGlobalSection
	GlobalSection(ProjectConfigurationPlatforms) = postSolution
		{4E6DDDCC-D810-4798-B198-160F53C497AD}.Debug|Any CPU.ActiveCfg = Debug|Any CPU
		{4E6DDDCC-D810-4798-B198-160F53C497AD}.Debug|Any CPU.Build.0 = Debug|Any CPU
		{4E6DDDCC-D810-4798-B198-160F53C497AD}.Release|Any CPU.ActiveCfg = Release|Any CPU
		{4E6DDDCC-D810-4798-B198-160F53C497AD}.Release|Any CPU.Build.0 = Release|Any CPU
		{03E50AD1-CD2A-46B8-864B-D439C15F98D3}.Debug|Any CPU.ActiveCfg = Debug|Any CPU
		{03E50AD1-CD2A-46B8-864B-D439C15F98D3}.Debug|Any CPU.Build.0 = Debug|Any CPU
		{03E50AD1-CD2A-46B8-864B-D439C15F98D3}.Release|Any CPU.ActiveCfg = Release|Any CPU
		{03E50AD1-CD2A-46B8-864B-D439C15F98D3}.Release|Any CPU.Build.0 = Release|Any CPU
		{299A5AA3-F5D8-4513-9205-F720912F6C8C}.Debug|Any CPU.ActiveCfg = Debug|Any CPU
		{299A5AA3-F5D8-4513-9205-F720912F6C8C}.Debug|Any CPU.Build.0 = Debug|Any CPU
		{299A5AA3-F5D8-4513-9205-F720912F6C8C}.Release|Any CPU.ActiveCfg = Release|Any CPU
		{299A5AA3-F5D8-4513-9205-F720912F6C8C}.Release|Any CPU.Build.0 = Release|Any CPU
		{309377D4-B6BA-4A28-8AD4-5348E2776023}.Debug|Any CPU.ActiveCfg = Debug|Any CPU
		{309377D4-B6BA-4A28-8AD4-5348E2776023}.Debug|Any CPU.Build.0 = Debug|Any CPU
		{309377D4-B6BA-4A28-8AD4-5348E2776023}.Release|Any CPU.ActiveCfg = Release|Any CPU
		{309377D4-B6BA-4A28-8AD4-5348E2776023}.Release|Any CPU.Build.0 = Release|Any CPU
		{06E07BAC-197E-4A57-A28A-04CFBF83D5AA}.Debug|Any CPU.ActiveCfg = Debug|Any CPU
		{06E07BAC-197E-4A57-A28A-04CFBF83D5AA}.Debug|Any CPU.Build.0 = Debug|Any CPU
		{06E07BAC-197E-4A57-A28A-04CFBF83D5AA}.Release|Any CPU.ActiveCfg = Release|Any CPU
		{06E07BAC-197E-4A57-A28A-04CFBF83D5AA}.Release|Any CPU.Build.0 = Release|Any CPU
	EndGlobalSection
EndGlobal
